
Microsoft Visual Studio Solution File, Format Version 12.00
# Visual Studio Version 17
VisualStudioVersion = 17.13.36105.23
MinimumVisualStudioVersion = 10.0.40219.1
Project("{FAE04EC0-301F-11D3-BF4B-00C04F79EFBC}") = "FirstProject", "FirstProject\FirstProject.csproj", "{E594A5C1-94EE-4847-A215-73049ABD65CB}"
EndProject
Project("{FAE04EC0-301F-11D3-BF4B-00C04F79EFBC}") = "SecondProject", "SecondProject\SecondProject.csproj", "{AE133978-31B0-4D2D-A151-AAD4CE2F9B0C}"
EndProject
Project("{FAE04EC0-301F-11D3-BF4B-00C04F79EFBC}") = "FirstDegree", "FirstDegree\FirstDegree.csproj", "{4A031AEB-FABA-405E-BBFE-2498104A045B}"
EndProject
Project("{FAE04EC0-301F-11D3-BF4B-00C04F79EFBC}") = "QuadraticEquation", "QuadracEquation\QuadraticEquation.csproj", "{2F163512-7A2D-418E-B496-9F5A5E8576BA}"
EndProject
Project("{FAE04EC0-301F-11D3-BF4B-00C04F79EFBC}") = "StringInteraction", "StringInteraction\StringInteraction.csproj", "{4C26F926-4BA9-4CD8-8420-3F6CBC4832BA}"
EndProject
Project("{FAE04EC0-301F-11D3-BF4B-00C04F79EFBC}") = "SimpleMath", "SimpleMath\SimpleMath.csproj", "{D18A526D-15E6-4D54-B7B7-506E4991E20F}"
EndProject
Project("{FAE04EC0-301F-11D3-BF4B-00C04F79EFBC}") = "RefAndOut", "RefAndOut\RefAndOut.csproj", "{E0AF3CE3-2E2E-41FB-B91B-CEE1601C9966}"
EndProject
Project("{FAE04EC0-301F-11D3-BF4B-00C04F79EFBC}") = "TryParseSample", "TryParseSample\TryParseSample.csproj", "{F5ADA18F-92E1-4FED-BB1C-9F5B049CEE38}"
EndProject
Project("{FAE04EC0-301F-11D3-BF4B-00C04F79EFBC}") = "paraSample", "paraSample\paraSample.csproj", "{4502500C-9C42-43F1-86E7-C13D03ECB7D8}"
EndProject
Project("{FAE04EC0-301F-11D3-BF4B-00C04F79EFBC}") = "TuplesSimple", "TuplesSimple\TuplesSimple.csproj", "{1C0D0AC2-B84A-46B3-A7F3-AD259C86C214}"
EndProject
Project("{FAE04EC0-301F-11D3-BF4B-00C04F79EFBC}") = "NestedLoop", "NestedLoop\NestedLoop.csproj", "{AE285A68-15D8-4293-B2A7-0949170BF295}"
EndProject
Project("{FAE04EC0-301F-11D3-BF4B-00C04F79EFBC}") = "OOP1", "OOP1\OOP1.csproj", "{F273AF6C-2C31-49DB-B11A-191C6E81577A}"
EndProject
Project("{FAE04EC0-301F-11D3-BF4B-00C04F79EFBC}") = "OOP2", "OOP2\OOP2.csproj", "{4C7F4102-F876-4305-B4EA-D24558EC5CEC}"
EndProject
Project("{FAE04EC0-301F-11D3-BF4B-00C04F79EFBC}") = "OOP3_ExtensionMethod", "OOP3\OOP3_ExtensionMethod.csproj", "{D6967448-7E51-4D32-A5F6-26E63E7FC76B}"
EndProject
Project("{FAE04EC0-301F-11D3-BF4B-00C04F79EFBC}") = "OOP4_ReuseOOP2", "OOP4_ReuseOOP2\OOP4_ReuseOOP2.csproj", "{24C8E1D8-183C-45AD-AF29-888394D14088}"
EndProject
Project("{FAE04EC0-301F-11D3-BF4B-00C04F79EFBC}") = "OOP5", "OOP5\OOP5.csproj", "{353CEBE5-0CBF-4FBD-8E3F-68CBA835C818}"
EndProject
Project("{FAE04EC0-301F-11D3-BF4B-00C04F79EFBC}") = "OOP6_Dictionary", "OOP6\OOP6_Dictionary.csproj", "{66D12B4C-B792-42BD-9E84-882C84BA7CFC}"
EndProject
Project("{2150E333-8FDC-42A3-9474-1A3956D46DE8}") = "Chapter5", "Chapter5", "{02EA681E-C7D8-13C7-8484-4AC65E1B71E8}"
EndProject
Project("{FAE04EC0-301F-11D3-BF4B-00C04F79EFBC}") = "BuilderPattern", "BuilderPattern\BuilderPattern.csproj", "{044DE341-433F-5702-4D82-2BB3FD3832E3}"
EndProject
Project("{FAE04EC0-301F-11D3-BF4B-00C04F79EFBC}") = "FactoriesPattern", "FactoriesPattern\FactoriesPattern.csproj", "{15ADFCBE-9B56-7B0A-7AE5-771D29B1F4C9}"
EndProject
Project("{FAE04EC0-301F-11D3-BF4B-00C04F79EFBC}") = "ObserverPattern", "ObserverPattern\ObserverPattern.csproj", "{FEBF851F-917B-C45E-D2B8-7873FE9FDB40}"
EndProject
Project("{FAE04EC0-301F-11D3-BF4B-00C04F79EFBC}") = "SingletonPattern", "SingletonPattern\SingletonPattern.csproj", "{FABC0CC8-7E79-3D9B-8D56-17C4207BB104}"
EndProject
Project("{FAE04EC0-301F-11D3-BF4B-00C04F79EFBC}") = "PrototypePattern", "PrototypePattern\PrototypePattern.csproj", "{92C92FD4-253A-352A-CA1D-8ACA5E5F3868}"
EndProject
Project("{FAE04EC0-301F-11D3-BF4B-00C04F79EFBC}") = "DemoAliasClone", "DemoAliasClone\DemoAliasClone.csproj", "{C1D728DF-0C79-4AAD-8713-81013C4D0553}"
EndProject
Project("{2150E333-8FDC-42A3-9474-1A3956D46DE8}") = "Chapter6", "Chapter6", "{3874BAD6-0CFA-4B6B-BB72-AAAA0F5268B5}"
EndProject
Project("{FAE04EC0-301F-11D3-BF4B-00C04F79EFBC}") = "DemoDelegate", "DemoDelegate\DemoDelegate.csproj", "{0A36AB70-2444-44BE-A084-FFA18D860243}"
EndProject
Project("{FAE04EC0-301F-11D3-BF4B-00C04F79EFBC}") = "DemoLINQ2Object", "DemoLINQ2Object\DemoLINQ2Object.csproj", "{57D2B838-FAE8-492F-B516-360EA3D66AE8}"
EndProject
Project("{FAE04EC0-301F-11D3-BF4B-00C04F79EFBC}") = "DemoLINQ2ObjectModelClass", "DemoLINQ2ObjectModelClass\DemoLINQ2ObjectModelClass.csproj", "{978453BA-CE2A-4E0C-82CF-270087444CDA}"
EndProject
Project("{FAE04EC0-301F-11D3-BF4B-00C04F79EFBC}") = "DemoLINQ2SQL", "DemoLINQ2SQL\DemoLINQ2SQL.csproj", "{DBCC8F12-942A-49C3-820C-C0B8BEE5B909}"
EndProject
Project("{FAE04EC0-301F-11D3-BF4B-00C04F79EFBC}") = "Lucy_SalesDataManagement", "Lucy_SalesDataManagement\Lucy_SalesDataManagement.csproj", "{C535DBF5-BB96-421B-A6B3-3423B0110CE2}"
EndProject
Project("{2150E333-8FDC-42A3-9474-1A3956D46DE8}") = "Chapter7", "Chapter7", "{BD09373B-A827-4135-9553-3629669D05CD}"
EndProject
Project("{FAE04EC0-301F-11D3-BF4B-00C04F79EFBC}") = "HelloWPFApp", "HelloWPFApp\HelloWPFApp.csproj", "{B3A4D041-804F-4CBB-8777-D59CC56F8DF7}"
EndProject
Project("{FAE04EC0-301F-11D3-BF4B-00C04F79EFBC}") = "BaiTap1", "BaiTap1\BaiTap1.csproj", "{05A211D3-138C-49B9-8BBE-D9C95B34E08E}"
EndProject
Project("{FAE04EC0-301F-11D3-BF4B-00C04F79EFBC}") = "BaiTap2", "BaiTap2\BaiTap2.csproj", "{498BA849-3EED-4B60-85BA-22A1F2B13E0B}"
EndProject
Project("{FAE04EC0-301F-11D3-BF4B-00C04F79EFBC}") = "BaiTap3", "BaiTap3\BaiTap3.csproj", "{96C722FC-60F0-474B-8814-A1C1FF8DB79F}"
EndProject
Project("{FAE04EC0-301F-11D3-BF4B-00C04F79EFBC}") = "ListWpf", "ListWpf\ListWpf.csproj", "{F0DA6A21-88F5-4A8D-AC4C-A679ABABB200}"
EndProject
Project("{2150E333-8FDC-42A3-9474-1A3956D46DE8}") = "Chap7_MultiTier", "Chap7_MultiTier", "{C9FEDDC9-6F48-4CCF-B4AA-87203F3DB1D9}"
EndProject
Project("{FAE04EC0-301F-11D3-BF4B-00C04F79EFBC}") = "BusinessObjects", "BusinessObject\BusinessObjects.csproj", "{EFC00F20-B72B-451E-BB3A-571CBEB2D1A7}"
EndProject
Project("{FAE04EC0-301F-11D3-BF4B-00C04F79EFBC}") = "DataAccessLayer", "DataAccessLayer\DataAccessLayer.csproj", "{12CF6628-06E1-4113-873B-DEBFF6C2260E}"
EndProject
Project("{FAE04EC0-301F-11D3-BF4B-00C04F79EFBC}") = "Repositories", "Repositories\Repositories.csproj", "{12FEF6CD-423F-4FE1-B760-4AC1A200AF63}"
EndProject
Project("{FAE04EC0-301F-11D3-BF4B-00C04F79EFBC}") = "Services", "Services\Services.csproj", "{49E99E0D-0F7F-4EE6-A712-1C7891685A37}"
EndProject
Project("{FAE04EC0-301F-11D3-BF4B-00C04F79EFBC}") = "WpfApp", "WpfApp\WpfApp.csproj", "{3F66B8A2-7D6A-43B0-BC9E-360B80C77C33}"
EndProject
Project("{2150E333-8FDC-42A3-9474-1A3956D46DE8}") = "Chapter7_TreeView", "Chapter7_TreeView", "{FE56845C-C97C-4DD3-A9D0-D82BB3130146}"
EndProject
Project("{FAE04EC0-301F-11D3-BF4B-00C04F79EFBC}") = "TreeViewWpfApp", "TreeViewWpfApp\TreeViewWpfApp.csproj", "{2C07CA1A-B3A2-41DB-99A7-80890FF2F26E}"
EndProject
Project("{2150E333-8FDC-42A3-9474-1A3956D46DE8}") = "Chapter8", "Chapter8", "{0BAC447F-8D2C-48BC-A642-0FD377BD58EA}"
EndProject
Project("{FAE04EC0-301F-11D3-BF4B-00C04F79EFBC}") = "MyStoreWpfApp_EntityFramework", "MyStoreWpfApp_EntityFramework\MyStoreWpfApp_EntityFramework.csproj", "{7A36D30C-6577-4486-A9B7-B292A7DB638C}"
EndProject
Global
	GlobalSection(SolutionConfigurationPlatforms) = preSolution
		Debug|Any CPU = Debug|Any CPU
		Release|Any CPU = Release|Any CPU
	EndGlobalSection
	GlobalSection(ProjectConfigurationPlatforms) = postSolution
		{E594A5C1-94EE-4847-A215-73049ABD65CB}.Debug|Any CPU.ActiveCfg = Debug|Any CPU
		{E594A5C1-94EE-4847-A215-73049ABD65CB}.Debug|Any CPU.Build.0 = Debug|Any CPU
		{E594A5C1-94EE-4847-A215-73049ABD65CB}.Release|Any CPU.ActiveCfg = Release|Any CPU
		{E594A5C1-94EE-4847-A215-73049ABD65CB}.Release|Any CPU.Build.0 = Release|Any CPU
		{AE133978-31B0-4D2D-A151-AAD4CE2F9B0C}.Debug|Any CPU.ActiveCfg = Debug|Any CPU
		{AE133978-31B0-4D2D-A151-AAD4CE2F9B0C}.Debug|Any CPU.Build.0 = Debug|Any CPU
		{AE133978-31B0-4D2D-A151-AAD4CE2F9B0C}.Release|Any CPU.ActiveCfg = Release|Any CPU
		{AE133978-31B0-4D2D-A151-AAD4CE2F9B0C}.Release|Any CPU.Build.0 = Release|Any CPU
		{4A031AEB-FABA-405E-BBFE-2498104A045B}.Debug|Any CPU.ActiveCfg = Debug|Any CPU
		{4A031AEB-FABA-405E-BBFE-2498104A045B}.Debug|Any CPU.Build.0 = Debug|Any CPU
		{4A031AEB-FABA-405E-BBFE-2498104A045B}.Release|Any CPU.ActiveCfg = Release|Any CPU
		{4A031AEB-FABA-405E-BBFE-2498104A045B}.Release|Any CPU.Build.0 = Release|Any CPU
		{2F163512-7A2D-418E-B496-9F5A5E8576BA}.Debug|Any CPU.ActiveCfg = Debug|Any CPU
		{2F163512-7A2D-418E-B496-9F5A5E8576BA}.Debug|Any CPU.Build.0 = Debug|Any CPU
		{2F163512-7A2D-418E-B496-9F5A5E8576BA}.Release|Any CPU.ActiveCfg = Release|Any CPU
		{2F163512-7A2D-418E-B496-9F5A5E8576BA}.Release|Any CPU.Build.0 = Release|Any CPU
		{4C26F926-4BA9-4CD8-8420-3F6CBC4832BA}.Debug|Any CPU.ActiveCfg = Debug|Any CPU
		{4C26F926-4BA9-4CD8-8420-3F6CBC4832BA}.Debug|Any CPU.Build.0 = Debug|Any CPU
		{4C26F926-4BA9-4CD8-8420-3F6CBC4832BA}.Release|Any CPU.ActiveCfg = Release|Any CPU
		{4C26F926-4BA9-4CD8-8420-3F6CBC4832BA}.Release|Any CPU.Build.0 = Release|Any CPU
		{D18A526D-15E6-4D54-B7B7-506E4991E20F}.Debug|Any CPU.ActiveCfg = Debug|Any CPU
		{D18A526D-15E6-4D54-B7B7-506E4991E20F}.Debug|Any CPU.Build.0 = Debug|Any CPU
		{D18A526D-15E6-4D54-B7B7-506E4991E20F}.Release|Any CPU.ActiveCfg = Release|Any CPU
		{D18A526D-15E6-4D54-B7B7-506E4991E20F}.Release|Any CPU.Build.0 = Release|Any CPU
		{E0AF3CE3-2E2E-41FB-B91B-CEE1601C9966}.Debug|Any CPU.ActiveCfg = Debug|Any CPU
		{E0AF3CE3-2E2E-41FB-B91B-CEE1601C9966}.Debug|Any CPU.Build.0 = Debug|Any CPU
		{E0AF3CE3-2E2E-41FB-B91B-CEE1601C9966}.Release|Any CPU.ActiveCfg = Release|Any CPU
		{E0AF3CE3-2E2E-41FB-B91B-CEE1601C9966}.Release|Any CPU.Build.0 = Release|Any CPU
		{F5ADA18F-92E1-4FED-BB1C-9F5B049CEE38}.Debug|Any CPU.ActiveCfg = Debug|Any CPU
		{F5ADA18F-92E1-4FED-BB1C-9F5B049CEE38}.Debug|Any CPU.Build.0 = Debug|Any CPU
		{F5ADA18F-92E1-4FED-BB1C-9F5B049CEE38}.Release|Any CPU.ActiveCfg = Release|Any CPU
		{F5ADA18F-92E1-4FED-BB1C-9F5B049CEE38}.Release|Any CPU.Build.0 = Release|Any CPU
		{4502500C-9C42-43F1-86E7-C13D03ECB7D8}.Debug|Any CPU.ActiveCfg = Debug|Any CPU
		{4502500C-9C42-43F1-86E7-C13D03ECB7D8}.Debug|Any CPU.Build.0 = Debug|Any CPU
		{4502500C-9C42-43F1-86E7-C13D03ECB7D8}.Release|Any CPU.ActiveCfg = Release|Any CPU
		{4502500C-9C42-43F1-86E7-C13D03ECB7D8}.Release|Any CPU.Build.0 = Release|Any CPU
		{1C0D0AC2-B84A-46B3-A7F3-AD259C86C214}.Debug|Any CPU.ActiveCfg = Debug|Any CPU
		{1C0D0AC2-B84A-46B3-A7F3-AD259C86C214}.Debug|Any CPU.Build.0 = Debug|Any CPU
		{1C0D0AC2-B84A-46B3-A7F3-AD259C86C214}.Release|Any CPU.ActiveCfg = Release|Any CPU
		{1C0D0AC2-B84A-46B3-A7F3-AD259C86C214}.Release|Any CPU.Build.0 = Release|Any CPU
		{AE285A68-15D8-4293-B2A7-0949170BF295}.Debug|Any CPU.ActiveCfg = Debug|Any CPU
		{AE285A68-15D8-4293-B2A7-0949170BF295}.Debug|Any CPU.Build.0 = Debug|Any CPU
		{AE285A68-15D8-4293-B2A7-0949170BF295}.Release|Any CPU.ActiveCfg = Release|Any CPU
		{AE285A68-15D8-4293-B2A7-0949170BF295}.Release|Any CPU.Build.0 = Release|Any CPU
		{F273AF6C-2C31-49DB-B11A-191C6E81577A}.Debug|Any CPU.ActiveCfg = Debug|Any CPU
		{F273AF6C-2C31-49DB-B11A-191C6E81577A}.Debug|Any CPU.Build.0 = Debug|Any CPU
		{F273AF6C-2C31-49DB-B11A-191C6E81577A}.Release|Any CPU.ActiveCfg = Release|Any CPU
		{F273AF6C-2C31-49DB-B11A-191C6E81577A}.Release|Any CPU.Build.0 = Release|Any CPU
		{4C7F4102-F876-4305-B4EA-D24558EC5CEC}.Debug|Any CPU.ActiveCfg = Debug|Any CPU
		{4C7F4102-F876-4305-B4EA-D24558EC5CEC}.Debug|Any CPU.Build.0 = Debug|Any CPU
		{4C7F4102-F876-4305-B4EA-D24558EC5CEC}.Release|Any CPU.ActiveCfg = Release|Any CPU
		{4C7F4102-F876-4305-B4EA-D24558EC5CEC}.Release|Any CPU.Build.0 = Release|Any CPU
		{D6967448-7E51-4D32-A5F6-26E63E7FC76B}.Debug|Any CPU.ActiveCfg = Debug|Any CPU
		{D6967448-7E51-4D32-A5F6-26E63E7FC76B}.Debug|Any CPU.Build.0 = Debug|Any CPU
		{D6967448-7E51-4D32-A5F6-26E63E7FC76B}.Release|Any CPU.ActiveCfg = Release|Any CPU
		{D6967448-7E51-4D32-A5F6-26E63E7FC76B}.Release|Any CPU.Build.0 = Release|Any CPU
		{24C8E1D8-183C-45AD-AF29-888394D14088}.Debug|Any CPU.ActiveCfg = Debug|Any CPU
		{24C8E1D8-183C-45AD-AF29-888394D14088}.Debug|Any CPU.Build.0 = Debug|Any CPU
		{24C8E1D8-183C-45AD-AF29-888394D14088}.Release|Any CPU.ActiveCfg = Release|Any CPU
		{24C8E1D8-183C-45AD-AF29-888394D14088}.Release|Any CPU.Build.0 = Release|Any CPU
		{353CEBE5-0CBF-4FBD-8E3F-68CBA835C818}.Debug|Any CPU.ActiveCfg = Debug|Any CPU
		{353CEBE5-0CBF-4FBD-8E3F-68CBA835C818}.Debug|Any CPU.Build.0 = Debug|Any CPU
		{353CEBE5-0CBF-4FBD-8E3F-68CBA835C818}.Release|Any CPU.ActiveCfg = Release|Any CPU
		{353CEBE5-0CBF-4FBD-8E3F-68CBA835C818}.Release|Any CPU.Build.0 = Release|Any CPU
		{66D12B4C-B792-42BD-9E84-882C84BA7CFC}.Debug|Any CPU.ActiveCfg = Debug|Any CPU
		{66D12B4C-B792-42BD-9E84-882C84BA7CFC}.Debug|Any CPU.Build.0 = Debug|Any CPU
		{66D12B4C-B792-42BD-9E84-882C84BA7CFC}.Release|Any CPU.ActiveCfg = Release|Any CPU
		{66D12B4C-B792-42BD-9E84-882C84BA7CFC}.Release|Any CPU.Build.0 = Release|Any CPU
		{044DE341-433F-5702-4D82-2BB3FD3832E3}.Debug|Any CPU.ActiveCfg = Debug|Any CPU
		{044DE341-433F-5702-4D82-2BB3FD3832E3}.Debug|Any CPU.Build.0 = Debug|Any CPU
		{044DE341-433F-5702-4D82-2BB3FD3832E3}.Release|Any CPU.ActiveCfg = Release|Any CPU
		{044DE341-433F-5702-4D82-2BB3FD3832E3}.Release|Any CPU.Build.0 = Release|Any CPU
		{15ADFCBE-9B56-7B0A-7AE5-771D29B1F4C9}.Debug|Any CPU.ActiveCfg = Debug|Any CPU
		{15ADFCBE-9B56-7B0A-7AE5-771D29B1F4C9}.Debug|Any CPU.Build.0 = Debug|Any CPU
		{15ADFCBE-9B56-7B0A-7AE5-771D29B1F4C9}.Release|Any CPU.ActiveCfg = Release|Any CPU
		{15ADFCBE-9B56-7B0A-7AE5-771D29B1F4C9}.Release|Any CPU.Build.0 = Release|Any CPU
		{FEBF851F-917B-C45E-D2B8-7873FE9FDB40}.Debug|Any CPU.ActiveCfg = Debug|Any CPU
		{FEBF851F-917B-C45E-D2B8-7873FE9FDB40}.Debug|Any CPU.Build.0 = Debug|Any CPU
		{FEBF851F-917B-C45E-D2B8-7873FE9FDB40}.Release|Any CPU.ActiveCfg = Release|Any CPU
		{FEBF851F-917B-C45E-D2B8-7873FE9FDB40}.Release|Any CPU.Build.0 = Release|Any CPU
		{FABC0CC8-7E79-3D9B-8D56-17C4207BB104}.Debug|Any CPU.ActiveCfg = Debug|Any CPU
		{FABC0CC8-7E79-3D9B-8D56-17C4207BB104}.Debug|Any CPU.Build.0 = Debug|Any CPU
		{FABC0CC8-7E79-3D9B-8D56-17C4207BB104}.Release|Any CPU.ActiveCfg = Release|Any CPU
		{FABC0CC8-7E79-3D9B-8D56-17C4207BB104}.Release|Any CPU.Build.0 = Release|Any CPU
		{92C92FD4-253A-352A-CA1D-8ACA5E5F3868}.Debug|Any CPU.ActiveCfg = Debug|Any CPU
		{92C92FD4-253A-352A-CA1D-8ACA5E5F3868}.Debug|Any CPU.Build.0 = Debug|Any CPU
		{92C92FD4-253A-352A-CA1D-8ACA5E5F3868}.Release|Any CPU.ActiveCfg = Release|Any CPU
		{92C92FD4-253A-352A-CA1D-8ACA5E5F3868}.Release|Any CPU.Build.0 = Release|Any CPU
		{C1D728DF-0C79-4AAD-8713-81013C4D0553}.Debug|Any CPU.ActiveCfg = Debug|Any CPU
		{C1D728DF-0C79-4AAD-8713-81013C4D0553}.Debug|Any CPU.Build.0 = Debug|Any CPU
		{C1D728DF-0C79-4AAD-8713-81013C4D0553}.Release|Any CPU.ActiveCfg = Release|Any CPU
		{C1D728DF-0C79-4AAD-8713-81013C4D0553}.Release|Any CPU.Build.0 = Release|Any CPU
		{0A36AB70-2444-44BE-A084-FFA18D860243}.Debug|Any CPU.ActiveCfg = Debug|Any CPU
		{0A36AB70-2444-44BE-A084-FFA18D860243}.Debug|Any CPU.Build.0 = Debug|Any CPU
		{0A36AB70-2444-44BE-A084-FFA18D860243}.Release|Any CPU.ActiveCfg = Release|Any CPU
		{0A36AB70-2444-44BE-A084-FFA18D860243}.Release|Any CPU.Build.0 = Release|Any CPU
		{57D2B838-FAE8-492F-B516-360EA3D66AE8}.Debug|Any CPU.ActiveCfg = Debug|Any CPU
		{57D2B838-FAE8-492F-B516-360EA3D66AE8}.Debug|Any CPU.Build.0 = Debug|Any CPU
		{57D2B838-FAE8-492F-B516-360EA3D66AE8}.Release|Any CPU.ActiveCfg = Release|Any CPU
		{57D2B838-FAE8-492F-B516-360EA3D66AE8}.Release|Any CPU.Build.0 = Release|Any CPU
		{978453BA-CE2A-4E0C-82CF-270087444CDA}.Debug|Any CPU.ActiveCfg = Debug|Any CPU
		{978453BA-CE2A-4E0C-82CF-270087444CDA}.Debug|Any CPU.Build.0 = Debug|Any CPU
		{978453BA-CE2A-4E0C-82CF-270087444CDA}.Release|Any CPU.ActiveCfg = Release|Any CPU
		{978453BA-CE2A-4E0C-82CF-270087444CDA}.Release|Any CPU.Build.0 = Release|Any CPU
		{DBCC8F12-942A-49C3-820C-C0B8BEE5B909}.Debug|Any CPU.ActiveCfg = Debug|Any CPU
		{DBCC8F12-942A-49C3-820C-C0B8BEE5B909}.Debug|Any CPU.Build.0 = Debug|Any CPU
		{DBCC8F12-942A-49C3-820C-C0B8BEE5B909}.Release|Any CPU.ActiveCfg = Release|Any CPU
		{DBCC8F12-942A-49C3-820C-C0B8BEE5B909}.Release|Any CPU.Build.0 = Release|Any CPU
		{C535DBF5-BB96-421B-A6B3-3423B0110CE2}.Debug|Any CPU.ActiveCfg = Debug|Any CPU
		{C535DBF5-BB96-421B-A6B3-3423B0110CE2}.Debug|Any CPU.Build.0 = Debug|Any CPU
		{C535DBF5-BB96-421B-A6B3-3423B0110CE2}.Release|Any CPU.ActiveCfg = Release|Any CPU
		{C535DBF5-BB96-421B-A6B3-3423B0110CE2}.Release|Any CPU.Build.0 = Release|Any CPU
		{B3A4D041-804F-4CBB-8777-D59CC56F8DF7}.Debug|Any CPU.ActiveCfg = Debug|Any CPU
		{B3A4D041-804F-4CBB-8777-D59CC56F8DF7}.Debug|Any CPU.Build.0 = Debug|Any CPU
		{B3A4D041-804F-4CBB-8777-D59CC56F8DF7}.Release|Any CPU.ActiveCfg = Release|Any CPU
		{B3A4D041-804F-4CBB-8777-D59CC56F8DF7}.Release|Any CPU.Build.0 = Release|Any CPU
		{05A211D3-138C-49B9-8BBE-D9C95B34E08E}.Debug|Any CPU.ActiveCfg = Debug|Any CPU
		{05A211D3-138C-49B9-8BBE-D9C95B34E08E}.Debug|Any CPU.Build.0 = Debug|Any CPU
		{05A211D3-138C-49B9-8BBE-D9C95B34E08E}.Release|Any CPU.ActiveCfg = Release|Any CPU
		{05A211D3-138C-49B9-8BBE-D9C95B34E08E}.Release|Any CPU.Build.0 = Release|Any CPU
		{498BA849-3EED-4B60-85BA-22A1F2B13E0B}.Debug|Any CPU.ActiveCfg = Debug|Any CPU
		{498BA849-3EED-4B60-85BA-22A1F2B13E0B}.Debug|Any CPU.Build.0 = Debug|Any CPU
		{498BA849-3EED-4B60-85BA-22A1F2B13E0B}.Release|Any CPU.ActiveCfg = Release|Any CPU
		{498BA849-3EED-4B60-85BA-22A1F2B13E0B}.Release|Any CPU.Build.0 = Release|Any CPU
		{96C722FC-60F0-474B-8814-A1C1FF8DB79F}.Debug|Any CPU.ActiveCfg = Debug|Any CPU
		{96C722FC-60F0-474B-8814-A1C1FF8DB79F}.Debug|Any CPU.Build.0 = Debug|Any CPU
		{96C722FC-60F0-474B-8814-A1C1FF8DB79F}.Release|Any CPU.ActiveCfg = Release|Any CPU
		{96C722FC-60F0-474B-8814-A1C1FF8DB79F}.Release|Any CPU.Build.0 = Release|Any CPU
		{F0DA6A21-88F5-4A8D-AC4C-A679ABABB200}.Debug|Any CPU.ActiveCfg = Debug|Any CPU
		{F0DA6A21-88F5-4A8D-AC4C-A679ABABB200}.Debug|Any CPU.Build.0 = Debug|Any CPU
		{F0DA6A21-88F5-4A8D-AC4C-A679ABABB200}.Release|Any CPU.ActiveCfg = Release|Any CPU
		{F0DA6A21-88F5-4A8D-AC4C-A679ABABB200}.Release|Any CPU.Build.0 = Release|Any CPU
		{EFC00F20-B72B-451E-BB3A-571CBEB2D1A7}.Debug|Any CPU.ActiveCfg = Debug|Any CPU
		{EFC00F20-B72B-451E-BB3A-571CBEB2D1A7}.Debug|Any CPU.Build.0 = Debug|Any CPU
		{EFC00F20-B72B-451E-BB3A-571CBEB2D1A7}.Release|Any CPU.ActiveCfg = Release|Any CPU
		{EFC00F20-B72B-451E-BB3A-571CBEB2D1A7}.Release|Any CPU.Build.0 = Release|Any CPU
		{12CF6628-06E1-4113-873B-DEBFF6C2260E}.Debug|Any CPU.ActiveCfg = Debug|Any CPU
		{12CF6628-06E1-4113-873B-DEBFF6C2260E}.Debug|Any CPU.Build.0 = Debug|Any CPU
		{12CF6628-06E1-4113-873B-DEBFF6C2260E}.Release|Any CPU.ActiveCfg = Release|Any CPU
		{12CF6628-06E1-4113-873B-DEBFF6C2260E}.Release|Any CPU.Build.0 = Release|Any CPU
		{12FEF6CD-423F-4FE1-B760-4AC1A200AF63}.Debug|Any CPU.ActiveCfg = Debug|Any CPU
		{12FEF6CD-423F-4FE1-B760-4AC1A200AF63}.Debug|Any CPU.Build.0 = Debug|Any CPU
		{12FEF6CD-423F-4FE1-B760-4AC1A200AF63}.Release|Any CPU.ActiveCfg = Release|Any CPU
		{12FEF6CD-423F-4FE1-B760-4AC1A200AF63}.Release|Any CPU.Build.0 = Release|Any CPU
		{49E99E0D-0F7F-4EE6-A712-1C7891685A37}.Debug|Any CPU.ActiveCfg = Debug|Any CPU
		{49E99E0D-0F7F-4EE6-A712-1C7891685A37}.Debug|Any CPU.Build.0 = Debug|Any CPU
		{49E99E0D-0F7F-4EE6-A712-1C7891685A37}.Release|Any CPU.ActiveCfg = Release|Any CPU
		{49E99E0D-0F7F-4EE6-A712-1C7891685A37}.Release|Any CPU.Build.0 = Release|Any CPU
		{3F66B8A2-7D6A-43B0-BC9E-360B80C77C33}.Debug|Any CPU.ActiveCfg = Debug|Any CPU
		{3F66B8A2-7D6A-43B0-BC9E-360B80C77C33}.Debug|Any CPU.Build.0 = Debug|Any CPU
		{3F66B8A2-7D6A-43B0-BC9E-360B80C77C33}.Release|Any CPU.ActiveCfg = Release|Any CPU
		{3F66B8A2-7D6A-43B0-BC9E-360B80C77C33}.Release|Any CPU.Build.0 = Release|Any CPU
		{2C07CA1A-B3A2-41DB-99A7-80890FF2F26E}.Debug|Any CPU.ActiveCfg = Debug|Any CPU
		{2C07CA1A-B3A2-41DB-99A7-80890FF2F26E}.Debug|Any CPU.Build.0 = Debug|Any CPU
		{2C07CA1A-B3A2-41DB-99A7-80890FF2F26E}.Release|Any CPU.ActiveCfg = Release|Any CPU
		{2C07CA1A-B3A2-41DB-99A7-80890FF2F26E}.Release|Any CPU.Build.0 = Release|Any CPU
		{7A36D30C-6577-4486-A9B7-B292A7DB638C}.Debug|Any CPU.ActiveCfg = Debug|Any CPU
		{7A36D30C-6577-4486-A9B7-B292A7DB638C}.Debug|Any CPU.Build.0 = Debug|Any CPU
		{7A36D30C-6577-4486-A9B7-B292A7DB638C}.Release|Any CPU.ActiveCfg = Release|Any CPU
		{7A36D30C-6577-4486-A9B7-B292A7DB638C}.Release|Any CPU.Build.0 = Release|Any CPU
	EndGlobalSection
	GlobalSection(SolutionProperties) = preSolution
		HideSolutionNode = FALSE
	EndGlobalSection
	GlobalSection(NestedProjects) = preSolution
		{044DE341-433F-5702-4D82-2BB3FD3832E3} = {02EA681E-C7D8-13C7-8484-4AC65E1B71E8}
		{15ADFCBE-9B56-7B0A-7AE5-771D29B1F4C9} = {02EA681E-C7D8-13C7-8484-4AC65E1B71E8}
		{FEBF851F-917B-C45E-D2B8-7873FE9FDB40} = {02EA681E-C7D8-13C7-8484-4AC65E1B71E8}
		{FABC0CC8-7E79-3D9B-8D56-17C4207BB104} = {02EA681E-C7D8-13C7-8484-4AC65E1B71E8}
		{92C92FD4-253A-352A-CA1D-8ACA5E5F3868} = {02EA681E-C7D8-13C7-8484-4AC65E1B71E8}
		{C1D728DF-0C79-4AAD-8713-81013C4D0553} = {02EA681E-C7D8-13C7-8484-4AC65E1B71E8}
		{0A36AB70-2444-44BE-A084-FFA18D860243} = {3874BAD6-0CFA-4B6B-BB72-AAAA0F5268B5}
		{57D2B838-FAE8-492F-B516-360EA3D66AE8} = {3874BAD6-0CFA-4B6B-BB72-AAAA0F5268B5}
		{978453BA-CE2A-4E0C-82CF-270087444CDA} = {3874BAD6-0CFA-4B6B-BB72-AAAA0F5268B5}
		{DBCC8F12-942A-49C3-820C-C0B8BEE5B909} = {3874BAD6-0CFA-4B6B-BB72-AAAA0F5268B5}
		{C535DBF5-BB96-421B-A6B3-3423B0110CE2} = {3874BAD6-0CFA-4B6B-BB72-AAAA0F5268B5}
		{B3A4D041-804F-4CBB-8777-D59CC56F8DF7} = {BD09373B-A827-4135-9553-3629669D05CD}
		{05A211D3-138C-49B9-8BBE-D9C95B34E08E} = {BD09373B-A827-4135-9553-3629669D05CD}
		{498BA849-3EED-4B60-85BA-22A1F2B13E0B} = {BD09373B-A827-4135-9553-3629669D05CD}
		{96C722FC-60F0-474B-8814-A1C1FF8DB79F} = {BD09373B-A827-4135-9553-3629669D05CD}
		{F0DA6A21-88F5-4A8D-AC4C-A679ABABB200} = {BD09373B-A827-4135-9553-3629669D05CD}
		{EFC00F20-B72B-451E-BB3A-571CBEB2D1A7} = {C9FEDDC9-6F48-4CCF-B4AA-87203F3DB1D9}
		{12CF6628-06E1-4113-873B-DEBFF6C2260E} = {C9FEDDC9-6F48-4CCF-B4AA-87203F3DB1D9}
		{12FEF6CD-423F-4FE1-B760-4AC1A200AF63} = {C9FEDDC9-6F48-4CCF-B4AA-87203F3DB1D9}
		{49E99E0D-0F7F-4EE6-A712-1C7891685A37} = {C9FEDDC9-6F48-4CCF-B4AA-87203F3DB1D9}
		{3F66B8A2-7D6A-43B0-BC9E-360B80C77C33} = {C9FEDDC9-6F48-4CCF-B4AA-87203F3DB1D9}
		{2C07CA1A-B3A2-41DB-99A7-80890FF2F26E} = {FE56845C-C97C-4DD3-A9D0-D82BB3130146}
		{7A36D30C-6577-4486-A9B7-B292A7DB638C} = {0BAC447F-8D2C-48BC-A642-0FD377BD58EA}
	EndGlobalSection
	GlobalSection(ExtensibilityGlobals) = postSolution
		SolutionGuid = {DB4AE1AF-86CB-4479-B5E9-07BC797F3DC2}
	EndGlobalSection
EndGlobal
